// !$*UTF8*$!
{
	archiveVersion = 1;
	classes = {
	};
	objectVersion = 46;
	objects = {

/* Begin PBXBuildFile section */
		6E3A7EC91CC9131C003CDDC8 /* AppDelegate.swift in Sources */ = {isa = PBXBuildFile; fileRef = 6E3A7EC81CC9131C003CDDC8 /* AppDelegate.swift */; };
		6E3A7ECB1CC9131C003CDDC8 /* MetronomeViewController.swift in Sources */ = {isa = PBXBuildFile; fileRef = 6E3A7ECA1CC9131C003CDDC8 /* MetronomeViewController.swift */; };
		6E3A7ECE1CC9131C003CDDC8 /* Main.storyboard in Resources */ = {isa = PBXBuildFile; fileRef = 6E3A7ECC1CC9131C003CDDC8 /* Main.storyboard */; };
		6E3A7ED01CC9131C003CDDC8 /* Assets.xcassets in Resources */ = {isa = PBXBuildFile; fileRef = 6E3A7ECF1CC9131C003CDDC8 /* Assets.xcassets */; };
		6E3A7ED31CC9131C003CDDC8 /* LaunchScreen.storyboard in Resources */ = {isa = PBXBuildFile; fileRef = 6E3A7ED11CC9131C003CDDC8 /* LaunchScreen.storyboard */; };
		6E3A7EDB1CC9133B003CDDC8 /* AudioKit.framework in Frameworks */ = {isa = PBXBuildFile; fileRef = 6E3A7EDA1CC9133B003CDDC8 /* AudioKit.framework */; };
		6E3A7EDC1CC9133B003CDDC8 /* AudioKit.framework in Embed Frameworks */ = {isa = PBXBuildFile; fileRef = 6E3A7EDA1CC9133B003CDDC8 /* AudioKit.framework */; settings = {ATTRIBUTES = (CodeSignOnCopy, RemoveHeadersOnCopy, ); }; };
/* End PBXBuildFile section */

/* Begin PBXCopyFilesBuildPhase section */
		6E3A7EDD1CC9133C003CDDC8 /* Embed Frameworks */ = {
			isa = PBXCopyFilesBuildPhase;
			buildActionMask = 2147483647;
			dstPath = "";
			dstSubfolderSpec = 10;
			files = (
				6E3A7EDC1CC9133B003CDDC8 /* AudioKit.framework in Embed Frameworks */,
			);
			name = "Embed Frameworks";
			runOnlyForDeploymentPostprocessing = 0;
		};
/* End PBXCopyFilesBuildPhase section */

/* Begin PBXFileReference section */
		6E3A7EC51CC9131C003CDDC8 /* metronome-00.app */ = {isa = PBXFileReference; explicitFileType = wrapper.application; includeInIndex = 0; path = "metronome-00.app"; sourceTree = BUILT_PRODUCTS_DIR; };
		6E3A7EC81CC9131C003CDDC8 /* AppDelegate.swift */ = {isa = PBXFileReference; lastKnownFileType = sourcecode.swift; path = AppDelegate.swift; sourceTree = "<group>"; };
		6E3A7ECA1CC9131C003CDDC8 /* MetronomeViewController.swift */ = {isa = PBXFileReference; lastKnownFileType = sourcecode.swift; path = MetronomeViewController.swift; sourceTree = "<group>"; };
		6E3A7ECD1CC9131C003CDDC8 /* Base */ = {isa = PBXFileReference; lastKnownFileType = file.storyboard; name = Base; path = Base.lproj/Main.storyboard; sourceTree = "<group>"; };
		6E3A7ECF1CC9131C003CDDC8 /* Assets.xcassets */ = {isa = PBXFileReference; lastKnownFileType = folder.assetcatalog; path = Assets.xcassets; sourceTree = "<group>"; };
		6E3A7ED21CC9131C003CDDC8 /* Base */ = {isa = PBXFileReference; lastKnownFileType = file.storyboard; name = Base; path = Base.lproj/LaunchScreen.storyboard; sourceTree = "<group>"; };
		6E3A7ED41CC9131C003CDDC8 /* Info.plist */ = {isa = PBXFileReference; lastKnownFileType = text.plist.xml; path = Info.plist; sourceTree = "<group>"; };
		6E3A7EDA1CC9133B003CDDC8 /* AudioKit.framework */ = {isa = PBXFileReference; lastKnownFileType = wrapper.framework; path = AudioKit.framework; sourceTree = "<group>"; };
/* End PBXFileReference section */

/* Begin PBXFrameworksBuildPhase section */
		6E3A7EC21CC9131B003CDDC8 /* Frameworks */ = {
			isa = PBXFrameworksBuildPhase;
			buildActionMask = 2147483647;
			files = (
				6E3A7EDB1CC9133B003CDDC8 /* AudioKit.framework in Frameworks */,
			);
			runOnlyForDeploymentPostprocessing = 0;
		};
/* End PBXFrameworksBuildPhase section */

/* Begin PBXGroup section */
		6E3A7EBC1CC9131B003CDDC8 = {
			isa = PBXGroup;
			children = (
				6E3A7EDA1CC9133B003CDDC8 /* AudioKit.framework */,
				6E3A7EC71CC9131C003CDDC8 /* metronome-00 */,
				6E3A7EC61CC9131C003CDDC8 /* Products */,
			);
			sourceTree = "<group>";
		};
		6E3A7EC61CC9131C003CDDC8 /* Products */ = {
			isa = PBXGroup;
			children = (
				6E3A7EC51CC9131C003CDDC8 /* metronome-00.app */,
			);
			name = Products;
			sourceTree = "<group>";
		};
		6E3A7EC71CC9131C003CDDC8 /* metronome-00 */ = {
			isa = PBXGroup;
			children = (
				6E3A7EC81CC9131C003CDDC8 /* AppDelegate.swift */,
				6E3A7ECA1CC9131C003CDDC8 /* MetronomeViewController.swift */,
				6E3A7ECC1CC9131C003CDDC8 /* Main.storyboard */,
				6E3A7ECF1CC9131C003CDDC8 /* Assets.xcassets */,
				6E3A7ED11CC9131C003CDDC8 /* LaunchScreen.storyboard */,
				6E3A7ED41CC9131C003CDDC8 /* Info.plist */,
			);
			path = "metronome-00";
			sourceTree = "<group>";
		};
/* End PBXGroup section */

/* Begin PBXNativeTarget section */
		6E3A7EC41CC9131B003CDDC8 /* metronome-00 */ = {
			isa = PBXNativeTarget;
			buildConfigurationList = 6E3A7ED71CC9131C003CDDC8 /* Build configuration list for PBXNativeTarget "metronome-00" */;
			buildPhases = (
				6E3A7EC11CC9131B003CDDC8 /* Sources */,
				6E3A7EC21CC9131B003CDDC8 /* Frameworks */,
				6E3A7EC31CC9131B003CDDC8 /* Resources */,
				6E3A7EDD1CC9133C003CDDC8 /* Embed Frameworks */,
			);
			buildRules = (
			);
			dependencies = (
			);
			name = "metronome-00";
			productName = "metronome-00";
			productReference = 6E3A7EC51CC9131C003CDDC8 /* metronome-00.app */;
			productType = "com.apple.product-type.application";
		};
/* End PBXNativeTarget section */

/* Begin PBXProject section */
		6E3A7EBD1CC9131B003CDDC8 /* Project object */ = {
			isa = PBXProject;
			attributes = {
				LastSwiftUpdateCheck = 0730;
				LastUpgradeCheck = 0730;
				ORGANIZATIONNAME = "Pablo Caro";
				TargetAttributes = {
					6E3A7EC41CC9131B003CDDC8 = {
						CreatedOnToolsVersion = 7.3;
						DevelopmentTeam = TG885L5JPA;
					};
				};
			};
			buildConfigurationList = 6E3A7EC01CC9131B003CDDC8 /* Build configuration list for PBXProject "metronome-00" */;
			compatibilityVersion = "Xcode 3.2";
			developmentRegion = English;
			hasScannedForEncodings = 0;
			knownRegions = (
				en,
				Base,
			);
			mainGroup = 6E3A7EBC1CC9131B003CDDC8;
			productRefGroup = 6E3A7EC61CC9131C003CDDC8 /* Products */;
			projectDirPath = "";
			projectRoot = "";
			targets = (
				6E3A7EC41CC9131B003CDDC8 /* metronome-00 */,
			);
		};
/* End PBXProject section */

/* Begin PBXResourcesBuildPhase section */
		6E3A7EC31CC9131B003CDDC8 /* Resources */ = {
			isa = PBXResourcesBuildPhase;
			buildActionMask = 2147483647;
			files = (
				6E3A7ED31CC9131C003CDDC8 /* LaunchScreen.storyboard in Resources */,
				6E3A7ED01CC9131C003CDDC8 /* Assets.xcassets in Resources */,
				6E3A7ECE1CC9131C003CDDC8 /* Main.storyboard in Resources */,
			);
			runOnlyForDeploymentPostprocessing = 0;
		};
/* End PBXResourcesBuildPhase section */

/* Begin PBXSourcesBuildPhase section */
		6E3A7EC11CC9131B003CDDC8 /* Sources */ = {
			isa = PBXSourcesBuildPhase;
			buildActionMask = 2147483647;
			files = (
				6E3A7ECB1CC9131C003CDDC8 /* MetronomeViewController.swift in Sources */,
				6E3A7EC91CC9131C003CDDC8 /* AppDelegate.swift in Sources */,
			);
			runOnlyForDeploymentPostprocessing = 0;
		};
/* End PBXSourcesBuildPhase section */

/* Begin PBXVariantGroup section */
		6E3A7ECC1CC9131C003CDDC8 /* Main.storyboard */ = {
			isa = PBXVariantGroup;
			children = (
				6E3A7ECD1CC9131C003CDDC8 /* Base */,
			);
			name = Main.storyboard;
			sourceTree = "<group>";
		};
		6E3A7ED11CC9131C003CDDC8 /* LaunchScreen.storyboard */ = {
			isa = PBXVariantGroup;
			children = (
				6E3A7ED21CC9131C003CDDC8 /* Base */,
			);
			name = LaunchScreen.storyboard;
			sourceTree = "<group>";
		};
/* End PBXVariantGroup section */

/* Begin XCBuildConfiguration section */
		6E3A7ED51CC9131C003CDDC8 /* Debug */ = {
			isa = XCBuildConfiguration;
			buildSettings = {
				ALWAYS_SEARCH_USER_PATHS = NO;
				CLANG_ANALYZER_NONNULL = YES;
				CLANG_CXX_LANGUAGE_STANDARD = "gnu++0x";
				CLANG_CXX_LIBRARY = "libc++";
				CLANG_ENABLE_MODULES = YES;
				CLANG_ENABLE_OBJC_ARC = YES;
				CLANG_WARN_BOOL_CONVERSION = YES;
				CLANG_WARN_CONSTANT_CONVERSION = YES;
				CLANG_WARN_DIRECT_OBJC_ISA_USAGE = YES_ERROR;
				CLANG_WARN_EMPTY_BODY = YES;
				CLANG_WARN_ENUM_CONVERSION = YES;
				CLANG_WARN_INT_CONVERSION = YES;
				CLANG_WARN_OBJC_ROOT_CLASS = YES_ERROR;
				CLANG_WARN_UNREACHABLE_CODE = YES;
				CLANG_WARN__DUPLICATE_METHOD_MATCH = YES;
				"CODE_SIGN_IDENTITY[sdk=iphoneos*]" = "iPhone Developer";
				COPY_PHASE_STRIP = NO;
				DEBUG_INFORMATION_FORMAT = dwarf;
				ENABLE_STRICT_OBJC_MSGSEND = YES;
				ENABLE_TESTABILITY = YES;
				GCC_C_LANGUAGE_STANDARD = gnu99;
				GCC_DYNAMIC_NO_PIC = NO;
				GCC_NO_COMMON_BLOCKS = YES;
				GCC_OPTIMIZATION_LEVEL = 0;
				GCC_PREPROCESSOR_DEFINITIONS = (
					"DEBUG=1",
					"$(inherited)",
				);
				GCC_WARN_64_TO_32_BIT_CONVERSION = YES;
				GCC_WARN_ABOUT_RETURN_TYPE = YES_ERROR;
				GCC_WARN_UNDECLARED_SELECTOR = YES;
				GCC_WARN_UNINITIALIZED_AUTOS = YES_AGGRESSIVE;
				GCC_WARN_UNUSED_FUNCTION = YES;
				GCC_WARN_UNUSED_VARIABLE = YES;
				IPHONEOS_DEPLOYMENT_TARGET = 9.3;
				MTL_ENABLE_DEBUG_INFO = YES;
				ONLY_ACTIVE_ARCH = YES;
				SDKROOT = iphoneos;
				SWIFT_OPTIMIZATION_LEVEL = "-Onone";
				TARGETED_DEVICE_FAMILY = "1,2";
			};
			name = Debug;
		};
		6E3A7ED61CC9131C003CDDC8 /* Release */ = {
			isa = XCBuildConfiguration;
			buildSettings = {
				ALWAYS_SEARCH_USER_PATHS = NO;
				CLANG_ANALYZER_NONNULL = YES;
				CLANG_CXX_LANGUAGE_STANDARD = "gnu++0x";
				CLANG_CXX_LIBRARY = "libc++";
				CLANG_ENABLE_MODULES = YES;
				CLANG_ENABLE_OBJC_ARC = YES;
				CLANG_WARN_BOOL_CONVERSION = YES;
				CLANG_WARN_CONSTANT_CONVERSION = YES;
				CLANG_WARN_DIRECT_OBJC_ISA_USAGE = YES_ERROR;
				CLANG_WARN_EMPTY_BODY = YES;
				CLANG_WARN_ENUM_CONVERSION = YES;
				CLANG_WARN_INT_CONVERSION = YES;
				CLANG_WARN_OBJC_ROOT_CLASS = YES_ERROR;
				CLANG_WARN_UNREACHABLE_CODE = YES;
				CLANG_WARN__DUPLICATE_METHOD_MATCH = YES;
				"CODE_SIGN_IDENTITY[sdk=iphoneos*]" = "iPhone Developer";
				COPY_PHASE_STRIP = NO;
				DEBUG_INFORMATION_FORMAT = "dwarf-with-dsym";
				ENABLE_NS_ASSERTIONS = NO;
				ENABLE_STRICT_OBJC_MSGSEND = YES;
				GCC_C_LANGUAGE_STANDARD = gnu99;
				GCC_NO_COMMON_BLOCKS = YES;
				GCC_WARN_64_TO_32_BIT_CONVERSION = YES;
				GCC_WARN_ABOUT_RETURN_TYPE = YES_ERROR;
				GCC_WARN_UNDECLARED_SELECTOR = YES;
				GCC_WARN_UNINITIALIZED_AUTOS = YES_AGGRESSIVE;
				GCC_WARN_UNUSED_FUNCTION = YES;
				GCC_WARN_UNUSED_VARIABLE = YES;
				IPHONEOS_DEPLOYMENT_TARGET = 9.3;
				MTL_ENABLE_DEBUG_INFO = NO;
				SDKROOT = iphoneos;
				TARGETED_DEVICE_FAMILY = "1,2";
				VALIDATE_PRODUCT = YES;
			};
			name = Release;
		};
		6E3A7ED81CC9131C003CDDC8 /* Debug */ = {
			isa = XCBuildConfiguration;
			buildSettings = {
				ASSETCATALOG_COMPILER_APPICON_NAME = AppIcon;
				CODE_SIGN_IDENTITY = "iPhone Developer";
				"CODE_SIGN_IDENTITY[sdk=iphoneos*]" = "iPhone Developer";
				FRAMEWORK_SEARCH_PATHS = (
					"$(inherited)",
					"$(PROJECT_DIR)",
				);
				INFOPLIST_FILE = "metronome-00/Info.plist";
				LD_RUNPATH_SEARCH_PATHS = "$(inherited) @executable_path/Frameworks";
				PRODUCT_BUNDLE_IDENTIFIER = "com.atril.metronome-00";
				PRODUCT_NAME = "$(TARGET_NAME)";
				PROVISIONING_PROFILE = "";
			};
			name = Debug;
		};
		6E3A7ED91CC9131C003CDDC8 /* Release */ = {
			isa = XCBuildConfiguration;
			buildSettings = {
				ASSETCATALOG_COMPILER_APPICON_NAME = AppIcon;
				CODE_SIGN_IDENTITY = "iPhone Developer";
				"CODE_SIGN_IDENTITY[sdk=iphoneos*]" = "iPhone Developer";
				FRAMEWORK_SEARCH_PATHS = (
					"$(inherited)",
					"$(PROJECT_DIR)",
				);
				INFOPLIST_FILE = "metronome-00/Info.plist";
				LD_RUNPATH_SEARCH_PATHS = "$(inherited) @executable_path/Frameworks";
				PRODUCT_BUNDLE_IDENTIFIER = "com.atril.metronome-00";
				PRODUCT_NAME = "$(TARGET_NAME)";
				PROVISIONING_PROFILE = "";
			};
			name = Release;
		};
/* End XCBuildConfiguration section */

/* Begin XCConfigurationList section */
		6E3A7EC01CC9131B003CDDC8 /* Build configuration list for PBXProject "metronome-00" */ = {
			isa = XCConfigurationList;
			buildConfigurations = (
				6E3A7ED51CC9131C003CDDC8 /* Debug */,
				6E3A7ED61CC9131C003CDDC8 /* Release */,
			);
			defaultConfigurationIsVisible = 0;
			defaultConfigurationName = Release;
		};
		6E3A7ED71CC9131C003CDDC8 /* Build configuration list for PBXNativeTarget "metronome-00" */ = {
			isa = XCConfigurationList;
			buildConfigurations = (
				6E3A7ED81CC9131C003CDDC8 /* Debug */,
				6E3A7ED91CC9131C003CDDC8 /* Release */,
			);
			defaultConfigurationIsVisible = 0;
			defaultConfigurationName = Release;
		};
/* End XCConfigurationList section */
	};
	rootObject = 6E3A7EBD1CC9131B003CDDC8 /* Project object */;
}
